{
    "_readme": [
        "This file locks the dependencies of your project to a known state",
        "Read more about it at https://getcomposer.org/doc/01-basic-usage.md#installing-dependencies",
        "This file is @generated automatically"
    ],
    "content-hash": "80a7e9a97a292fdfcd8a57d62da0362c",
    "packages": [
        {
            "name": "fluffy-space/fluffy",
            "version": "v1.1.1",
            "source": {
                "type": "git",
                "url": "https://github.com/fluffy-space/fluffy.git",
                "reference": "7302c5a1f6c893e537462f8a188515a3d50c3ca8"
            },
            "dist": {
                "type": "zip",
                "url": "https://api.github.com/repos/fluffy-space/fluffy/zipball/7302c5a1f6c893e537462f8a188515a3d50c3ca8",
                "reference": "7302c5a1f6c893e537462f8a188515a3d50c3ca8",
                "shasum": ""
            },
            "require": {
                "ivanvoitovych/dot-di": "~1.0",
                "viewi/viewi": "^2.0"
            },
            "require-dev": {
                "swoole/ide-helper": "dev-master"
            },
            "type": "library",
            "autoload": {
                "psr-4": {
                    "Fluffy\\": "fluffy/"
                }
            },
            "notification-url": "https://packagist.org/downloads/",
            "license": [
                "MIT"
            ],
            "authors": [
                {
                    "name": "Ivan Voitovych",
                    "email": "col606v@gmail.com"
                }
            ],
            "description": "Fluffy framework. Based on Viewi and Swoole.",
            "support": {
                "issues": "https://github.com/fluffy-space/fluffy/issues",
                "source": "https://github.com/fluffy-space/fluffy/tree/v1.1.1"
            },
            "time": "2025-01-04T11:39:14+00:00"
        },
        {
            "name": "fluffy-space/paws",
            "version": "v1.0.0",
            "source": {
                "type": "git",
                "url": "https://github.com/fluffy-space/paws.git",
                "reference": "efcbc2c9e11b888e32832b8da02f145c212fd3e5"
            },
            "dist": {
                "type": "zip",
                "url": "https://api.github.com/repos/fluffy-space/paws/zipball/efcbc2c9e11b888e32832b8da02f145c212fd3e5",
                "reference": "efcbc2c9e11b888e32832b8da02f145c212fd3e5",
                "shasum": ""
            },
            "require": {
                "fluffy-space/fluffy": "^1.1",
                "viewi/ui": "^1.0"
            },
            "type": "project",
            "autoload": {
                "psr-4": {
                    "FluffyPaws\\": "FluffyPaws/",
                    "SharedPaws\\": "SharedPaws/"
                }
            },
            "notification-url": "https://packagist.org/downloads/",
            "license": [
                "MIT"
            ],
            "authors": [
                {
                    "name": "Ivan Voitovych",
                    "email": "col606v@gmail.com"
                }
            ],
            "description": "Fluffy Paws - Web application framework. Treats included ;)",
            "support": {
                "issues": "https://github.com/fluffy-space/paws/issues",
                "source": "https://github.com/fluffy-space/paws/tree/v1.0.0"
            },
            "time": "2025-01-10T11:40:12+00:00"
        },
        {
            "name": "ivanvoitovych/dot-di",
            "version": "v1.1.3",
            "source": {
                "type": "git",
                "url": "https://github.com/ivanvoitovych/dot-di.git",
                "reference": "f57924b977b7100ef8958fd46e2948c63e504ff3"
            },
            "dist": {
                "type": "zip",
                "url": "https://api.github.com/repos/ivanvoitovych/dot-di/zipball/f57924b977b7100ef8958fd46e2948c63e504ff3",
                "reference": "f57924b977b7100ef8958fd46e2948c63e504ff3",
                "shasum": ""
            },
            "type": "library",
            "autoload": {
                "psr-4": {
                    "DotDi\\": "src/DotDi/"
                }
            },
            "notification-url": "https://packagist.org/downloads/",
            "license": [
                "MIT"
            ],
            "authors": [
                {
                    "name": "Ivan Voitovych",
                    "email": "col606v@gmail.com"
                }
            ],
            "description": "DI and service provider for PHP. Inspired by .NET DI.",
            "support": {
                "issues": "https://github.com/ivanvoitovych/dot-di/issues",
                "source": "https://github.com/ivanvoitovych/dot-di/tree/v1.1.3"
            },
            "time": "2024-04-21T13:42:40+00:00"
        },
        {
            "name": "nikic/php-parser",
            "version": "v5.4.0",
            "source": {
                "type": "git",
                "url": "https://github.com/nikic/PHP-Parser.git",
                "reference": "447a020a1f875a434d62f2a401f53b82a396e494"
            },
            "dist": {
                "type": "zip",
                "url": "https://api.github.com/repos/nikic/PHP-Parser/zipball/447a020a1f875a434d62f2a401f53b82a396e494",
                "reference": "447a020a1f875a434d62f2a401f53b82a396e494",
                "shasum": ""
            },
            "require": {
                "ext-ctype": "*",
                "ext-json": "*",
                "ext-tokenizer": "*",
                "php": ">=7.4"
            },
            "require-dev": {
                "ircmaxell/php-yacc": "^0.0.7",
                "phpunit/phpunit": "^9.0"
            },
            "bin": [
                "bin/php-parse"
            ],
            "type": "library",
            "extra": {
                "branch-alias": {
                    "dev-master": "5.0-dev"
                }
            },
            "autoload": {
                "psr-4": {
                    "PhpParser\\": "lib/PhpParser"
                }
            },
            "notification-url": "https://packagist.org/downloads/",
            "license": [
                "BSD-3-Clause"
            ],
            "authors": [
                {
                    "name": "Nikita Popov"
                }
            ],
            "description": "A PHP parser written in PHP",
            "keywords": [
                "parser",
                "php"
            ],
            "support": {
                "issues": "https://github.com/nikic/PHP-Parser/issues",
                "source": "https://github.com/nikic/PHP-Parser/tree/v5.4.0"
            },
            "time": "2024-12-30T11:07:19+00:00"
        },
        {
            "name": "viewi/icons",
            "version": "v1.1.1",
            "source": {
                "type": "git",
                "url": "https://github.com/viewi/icons.git",
                "reference": "da8a56e28e0f30e185767d225d517de6254c5569"
            },
            "dist": {
                "type": "zip",
                "url": "https://api.github.com/repos/viewi/icons/zipball/da8a56e28e0f30e185767d225d517de6254c5569",
                "reference": "da8a56e28e0f30e185767d225d517de6254c5569",
                "shasum": ""
            },
            "require": {
                "viewi/viewi": "^2.4"
            },
            "type": "library",
            "autoload": {
                "psr-4": {
                    "Viewi\\Icons\\": "src/Components/"
                }
            },
            "notification-url": "https://packagist.org/downloads/",
            "license": [
                "MIT"
            ],
            "authors": [
                {
                    "name": "Ivan Voitovych",
                    "email": "col606v@gmail.com"
                }
            ],
            "description": "SVG icons package for Viewi",
            "support": {
                "issues": "https://github.com/viewi/icons/issues",
                "source": "https://github.com/viewi/icons/tree/v1.1.1"
            },
            "time": "2024-12-29T09:21:11+00:00"
        },
        {
            "name": "viewi/ui",
            "version": "v1.0.0",
            "source": {
                "type": "git",
                "url": "https://github.com/viewi/ui.git",
                "reference": "019246fc9d29bd380f199225679b0fb1ef00242b"
            },
            "dist": {
                "type": "zip",
                "url": "https://api.github.com/repos/viewi/ui/zipball/019246fc9d29bd380f199225679b0fb1ef00242b",
                "reference": "019246fc9d29bd380f199225679b0fb1ef00242b",
                "shasum": ""
            },
            "require": {
                "viewi/icons": "^1.1",
                "viewi/viewi": "^2.5"
            },
            "type": "library",
            "autoload": {
                "psr-4": {
                    "Viewi\\UI\\": "src/ViewiUI/"
                }
            },
            "notification-url": "https://packagist.org/downloads/",
            "license": [
                "MIT"
            ],
            "authors": [
                {
                    "name": "Ivan Voitovych",
                    "email": "col606v@gmail.com"
                }
            ],
            "description": "Viewi UI library",
            "support": {
                "issues": "https://github.com/viewi/ui/issues",
                "source": "https://github.com/viewi/ui/tree/v1.0.0"
            },
            "time": "2025-01-01T15:32:49+00:00"
        },
        {
            "name": "viewi/viewi",
            "version": "v2.5.1",
            "source": {
                "type": "git",
                "url": "https://github.com/viewi/viewi.git",
                "reference": "0bd4c70fd65465333f45b441f2af5e5c8ccf3b9d"
            },
            "dist": {
                "type": "zip",
                "url": "https://api.github.com/repos/viewi/viewi/zipball/0bd4c70fd65465333f45b441f2af5e5c8ccf3b9d",
                "reference": "0bd4c70fd65465333f45b441f2af5e5c8ccf3b9d",
                "shasum": ""
            },
            "require": {
                "ext-ctype": "*",
                "ext-curl": "*",
                "ext-json": "*",
                "ext-zlib": "*",
                "nikic/php-parser": "^5.3",
                "php": "^8.0"
            },
            "require-dev": {
                "codeception/codeception": "^5.0",
                "codeception/module-asserts": "*",
                "codeception/module-phpbrowser": "*"
            },
            "bin": [
                "bin/viewi"
            ],
            "type": "library",
            "autoload": {
                "psr-4": {
                    "Viewi\\": "src/Viewi/"
                }
            },
            "notification-url": "https://packagist.org/downloads/",
            "license": [
                "MIT"
            ],
            "authors": [
                {
                    "name": "Ivan Voitovych",
                    "email": "col606v@gmail.com"
                }
            ],
            "description": "Powerful tool for building progressive and completely reactive web applications",
            "keywords": [
                "reactive",
                "template",
                "ui",
                "viewi"
            ],
            "support": {
                "issues": "https://github.com/viewi/viewi/issues",
                "source": "https://github.com/viewi/viewi/tree/v2.5.1"
            },
            "funding": [
                {
                    "url": "https://www.buymeacoffee.com/ivan.v",
                    "type": "custom"
                }
            ],
            "time": "2024-12-29T08:10:04+00:00"
        }
    ],
    "packages-dev": [
        {
            "name": "swoole/ide-helper",
            "version": "6.0.0",
            "source": {
                "type": "git",
                "url": "https://github.com/swoole/ide-helper.git",
                "reference": "86a61562a1f1634339ee52f3b8988591f51a2799"
            },
            "dist": {
                "type": "zip",
                "url": "https://api.github.com/repos/swoole/ide-helper/zipball/86a61562a1f1634339ee52f3b8988591f51a2799",
                "reference": "86a61562a1f1634339ee52f3b8988591f51a2799",
                "shasum": ""
            },
            "type": "library",
            "notification-url": "https://packagist.org/downloads/",
            "license": [
                "Apache-2.0"
            ],
            "authors": [
                {
                    "name": "Team Swoole",
                    "email": "team@swoole.com"
                }
            ],
            "description": "IDE help files for Swoole.",
            "support": {
                "issues": "https://github.com/swoole/ide-helper/issues",
                "source": "https://github.com/swoole/ide-helper/tree/6.0.0"
            },
            "time": "2025-01-03T19:08:24+00:00"
        }
    ],
    "aliases": [],
    "minimum-stability": "stable",
    "stability-flags": [],
    "prefer-stable": false,
    "prefer-lowest": false,
    "platform": [],
    "platform-dev": [],
    "plugin-api-version": "2.2.0"
}
