{
    "_readme": [
        "This file locks the dependencies of your project to a known state",
        "Read more about it at https://getcomposer.org/doc/01-basic-usage.md#installing-dependencies",
        "This file is @generated automatically"
    ],
    "content-hash": "80a7e9a97a292fdfcd8a57d62da0362c",
    "packages": [
        {
            "name": "fluffy-space/fluffy",
            "version": "v1.1.5",
            "source": {
                "type": "git",
                "url": "https://github.com/fluffy-space/fluffy.git",
                "reference": "2fc89f5d5d387935598c4d391705f309a31d669a"
            },
            "dist": {
                "type": "zip",
                "url": "https://api.github.com/repos/fluffy-space/fluffy/zipball/2fc89f5d5d387935598c4d391705f309a31d669a",
                "reference": "2fc89f5d5d387935598c4d391705f309a31d669a",
                "shasum": ""
            },
            "require": {
                "ivanvoitovych/dot-di": "~1.0",
                "viewi/viewi": "^2.0"
            },
            "require-dev": {
                "swoole/ide-helper": "dev-master"
            },
            "type": "library",
            "autoload": {
                "psr-4": {
                    "Fluffy\\": "fluffy/"
                }
            },
            "notification-url": "https://packagist.org/downloads/",
            "license": [
                "MIT"
            ],
            "authors": [
                {
                    "name": "Ivan Voitovych",
                    "email": "col606v@gmail.com"
                }
            ],
            "description": "Fluffy framework. Based on Viewi and Swoole.",
            "support": {
                "issues": "https://github.com/fluffy-space/fluffy/issues",
                "source": "https://github.com/fluffy-space/fluffy/tree/v1.1.5"
            },
            "time": "2025-02-16T13:48:42+00:00"
        },
        {
            "name": "fluffy-space/paws",
            "version": "v1.0.4",
            "source": {
                "type": "git",
                "url": "https://github.com/fluffy-space/paws.git",
                "reference": "8a2d62ff3e672f4081e7f6b5e56a5644f9cba00a"
            },
            "dist": {
                "type": "zip",
                "url": "https://api.github.com/repos/fluffy-space/paws/zipball/8a2d62ff3e672f4081e7f6b5e56a5644f9cba00a",
                "reference": "8a2d62ff3e672f4081e7f6b5e56a5644f9cba00a",
                "shasum": ""
            },
            "require": {
                "fluffy-space/fluffy": "^1.1",
                "viewi/ui": "^1.0"
            },
            "type": "project",
            "autoload": {
                "psr-4": {
                    "Pupils\\": "Pupils/src/",
                    "FluffyPaws\\": "FluffyPaws/",
                    "SharedPaws\\": "SharedPaws/"
                }
            },
            "notification-url": "https://packagist.org/downloads/",
            "license": [
                "MIT"
            ],
            "authors": [
                {
                    "name": "Ivan Voitovych",
                    "email": "col606v@gmail.com"
                }
            ],
            "description": "Fluffy Paws - Web application framework. Treats included ;)",
            "support": {
                "issues": "https://github.com/fluffy-space/paws/issues",
                "source": "https://github.com/fluffy-space/paws/tree/v1.0.4"
            },
            "time": "2025-05-15T13:49:10+00:00"
        },
        {
            "name": "ivanvoitovych/dot-di",
            "version": "v1.1.4",
            "source": {
                "type": "git",
                "url": "https://github.com/ivanvoitovych/dot-di.git",
                "reference": "d408f9379b3597462bfeb561e7a9deda2a28d985"
            },
            "dist": {
                "type": "zip",
                "url": "https://api.github.com/repos/ivanvoitovych/dot-di/zipball/d408f9379b3597462bfeb561e7a9deda2a28d985",
                "reference": "d408f9379b3597462bfeb561e7a9deda2a28d985",
                "shasum": ""
            },
            "type": "library",
            "autoload": {
                "psr-4": {
                    "DotDi\\": "src/DotDi/"
                }
            },
            "notification-url": "https://packagist.org/downloads/",
            "license": [
                "MIT"
            ],
            "authors": [
                {
                    "name": "Ivan Voitovych",
                    "email": "col606v@gmail.com"
                }
            ],
            "description": "DI and service provider for PHP. Inspired by .NET DI.",
            "support": {
                "issues": "https://github.com/ivanvoitovych/dot-di/issues",
                "source": "https://github.com/ivanvoitovych/dot-di/tree/v1.1.4"
            },
            "time": "2025-01-15T12:42:24+00:00"
        },
        {
            "name": "nikic/php-parser",
            "version": "v5.5.0",
            "source": {
                "type": "git",
                "url": "https://github.com/nikic/PHP-Parser.git",
                "reference": "ae59794362fe85e051a58ad36b289443f57be7a9"
            },
            "dist": {
                "type": "zip",
                "url": "https://api.github.com/repos/nikic/PHP-Parser/zipball/ae59794362fe85e051a58ad36b289443f57be7a9",
                "reference": "ae59794362fe85e051a58ad36b289443f57be7a9",
                "shasum": ""
            },
            "require": {
                "ext-ctype": "*",
                "ext-json": "*",
                "ext-tokenizer": "*",
                "php": ">=7.4"
            },
            "require-dev": {
                "ircmaxell/php-yacc": "^0.0.7",
                "phpunit/phpunit": "^9.0"
            },
            "bin": [
                "bin/php-parse"
            ],
            "type": "library",
            "extra": {
                "branch-alias": {
                    "dev-master": "5.0-dev"
                }
            },
            "autoload": {
                "psr-4": {
                    "PhpParser\\": "lib/PhpParser"
                }
            },
            "notification-url": "https://packagist.org/downloads/",
            "license": [
                "BSD-3-Clause"
            ],
            "authors": [
                {
                    "name": "Nikita Popov"
                }
            ],
            "description": "A PHP parser written in PHP",
            "keywords": [
                "parser",
                "php"
            ],
            "support": {
                "issues": "https://github.com/nikic/PHP-Parser/issues",
                "source": "https://github.com/nikic/PHP-Parser/tree/v5.5.0"
            },
            "time": "2025-05-31T08:24:38+00:00"
        },
        {
            "name": "viewi/icons",
            "version": "v1.1.2",
            "source": {
                "type": "git",
                "url": "https://github.com/viewi/icons.git",
                "reference": "696fa00b8eb8163db8e6d4a1d0dc42de25c4f2df"
            },
            "dist": {
                "type": "zip",
                "url": "https://api.github.com/repos/viewi/icons/zipball/696fa00b8eb8163db8e6d4a1d0dc42de25c4f2df",
                "reference": "696fa00b8eb8163db8e6d4a1d0dc42de25c4f2df",
                "shasum": ""
            },
            "require": {
                "viewi/viewi": "^2.4"
            },
            "type": "library",
            "autoload": {
                "psr-4": {
                    "Viewi\\Icons\\": "src/Components/"
                }
            },
            "notification-url": "https://packagist.org/downloads/",
            "license": [
                "MIT"
            ],
            "authors": [
                {
                    "name": "Ivan Voitovych",
                    "email": "col606v@gmail.com"
                }
            ],
            "description": "SVG icons package for Viewi",
            "support": {
                "issues": "https://github.com/viewi/icons/issues",
                "source": "https://github.com/viewi/icons/tree/v1.1.2"
            },
            "time": "2025-01-14T10:20:48+00:00"
        },
        {
            "name": "viewi/ui",
            "version": "v1.0.4",
            "source": {
                "type": "git",
                "url": "https://github.com/viewi/ui.git",
                "reference": "1986ec02b03513c6f0a8f15bd292d6ce9f4e2cbf"
            },
            "dist": {
                "type": "zip",
                "url": "https://api.github.com/repos/viewi/ui/zipball/1986ec02b03513c6f0a8f15bd292d6ce9f4e2cbf",
                "reference": "1986ec02b03513c6f0a8f15bd292d6ce9f4e2cbf",
                "shasum": ""
            },
            "require": {
                "viewi/icons": "^1.1",
                "viewi/viewi": "^2.5"
            },
            "type": "library",
            "autoload": {
                "psr-4": {
                    "Viewi\\UI\\": "src/ViewiUI/"
                }
            },
            "notification-url": "https://packagist.org/downloads/",
            "license": [
                "MIT"
            ],
            "authors": [
                {
                    "name": "Ivan Voitovych",
                    "email": "col606v@gmail.com"
                }
            ],
            "description": "Viewi UI library",
            "support": {
                "issues": "https://github.com/viewi/ui/issues",
                "source": "https://github.com/viewi/ui/tree/v1.0.4"
            },
            "time": "2025-05-15T13:45:19+00:00"
        },
        {
            "name": "viewi/viewi",
            "version": "v2.6.4",
            "source": {
                "type": "git",
                "url": "https://github.com/viewi/viewi.git",
                "reference": "c920290161cf610451523bd5b28416abc9281645"
            },
            "dist": {
                "type": "zip",
                "url": "https://api.github.com/repos/viewi/viewi/zipball/c920290161cf610451523bd5b28416abc9281645",
                "reference": "c920290161cf610451523bd5b28416abc9281645",
                "shasum": ""
            },
            "require": {
                "ext-ctype": "*",
                "ext-curl": "*",
                "ext-json": "*",
                "ext-zlib": "*",
                "nikic/php-parser": "^5.3",
                "php": "^8.0"
            },
            "require-dev": {
                "codeception/codeception": "^5.0",
                "codeception/module-asserts": "*",
                "codeception/module-phpbrowser": "*"
            },
            "bin": [
                "bin/viewi"
            ],
            "type": "library",
            "autoload": {
                "psr-4": {
                    "Viewi\\": "src/Viewi/"
                }
            },
            "notification-url": "https://packagist.org/downloads/",
            "license": [
                "MIT"
            ],
            "authors": [
                {
                    "name": "Ivan Voitovych",
                    "email": "col606v@gmail.com"
                }
            ],
            "description": "Powerful tool for building progressive and completely reactive web applications",
            "keywords": [
                "reactive",
                "template",
                "ui",
                "viewi"
            ],
            "support": {
                "issues": "https://github.com/viewi/viewi/issues",
                "source": "https://github.com/viewi/viewi/tree/v2.6.4"
            },
            "funding": [
                {
                    "url": "https://www.buymeacoffee.com/ivan.v",
                    "type": "custom"
                }
            ],
            "time": "2025-05-15T14:49:42+00:00"
        }
    ],
    "packages-dev": [
        {
            "name": "swoole/ide-helper",
            "version": "6.0.2",
            "source": {
                "type": "git",
                "url": "https://github.com/swoole/ide-helper.git",
                "reference": "6f12243dce071714c5febe059578d909698f9a52"
            },
            "dist": {
                "type": "zip",
                "url": "https://api.github.com/repos/swoole/ide-helper/zipball/6f12243dce071714c5febe059578d909698f9a52",
                "reference": "6f12243dce071714c5febe059578d909698f9a52",
                "shasum": ""
            },
            "type": "library",
            "notification-url": "https://packagist.org/downloads/",
            "license": [
                "Apache-2.0"
            ],
            "authors": [
                {
                    "name": "Team Swoole",
                    "email": "team@swoole.com"
                }
            ],
            "description": "IDE help files for Swoole.",
            "support": {
                "issues": "https://github.com/swoole/ide-helper/issues",
                "source": "https://github.com/swoole/ide-helper/tree/6.0.2"
            },
            "time": "2025-03-23T07:31:41+00:00"
        }
    ],
    "aliases": [],
    "minimum-stability": "stable",
    "stability-flags": [],
    "prefer-stable": false,
    "prefer-lowest": false,
    "platform": [],
    "platform-dev": [],
    "plugin-api-version": "2.6.0"
}
